
Microsoft Visual Studio Solution File, Format Version 12.00
# Visual Studio Version 17
VisualStudioVersion = 17.2.32516.85
MinimumVisualStudioVersion = 10.0.40219.1
Project("{9A19103F-16F7-4668-BE54-9A1E7A4F7556}") = "Data", "Data\Data.csproj", "{1EFA4E04-873B-4231-A158-109FADF898D3}"
EndProject
Project("{9A19103F-16F7-4668-BE54-9A1E7A4F7556}") = "Common", "Common\Common.csproj", "{62B16EEC-9AD2-4253-AA4C-01EFAC727C27}"
EndProject
Project("{9A19103F-16F7-4668-BE54-9A1E7A4F7556}") = "App", "App\App.csproj", "{D634C308-D540-4C53-9149-83A1CE44E248}"
EndProject
Global
	GlobalSection(SolutionConfigurationPlatforms) = preSolution
		Debug|Any CPU = Debug|Any CPU
		Debug|x64 = Debug|x64
		Release|Any CPU = Release|Any CPU
		Release|x64 = Release|x64
	EndGlobalSection
	GlobalSection(ProjectConfigurationPlatforms) = postSolution
		{1EFA4E04-873B-4231-A158-109FADF898D3}.Debug|Any CPU.ActiveCfg = Debug|Any CPU
		{1EFA4E04-873B-4231-A158-109FADF898D3}.Debug|Any CPU.Build.0 = Debug|Any CPU
		{1EFA4E04-873B-4231-A158-109FADF898D3}.Debug|x64.ActiveCfg = Debug|Any CPU
		{1EFA4E04-873B-4231-A158-109FADF898D3}.Debug|x64.Build.0 = Debug|Any CPU
		{1EFA4E04-873B-4231-A158-109FADF898D3}.Release|Any CPU.ActiveCfg = Release|Any CPU
		{1EFA4E04-873B-4231-A158-109FADF898D3}.Release|Any CPU.Build.0 = Release|Any CPU
		{1EFA4E04-873B-4231-A158-109FADF898D3}.Release|x64.ActiveCfg = Release|Any CPU
		{1EFA4E04-873B-4231-A158-109FADF898D3}.Release|x64.Build.0 = Release|Any CPU
		{62B16EEC-9AD2-4253-AA4C-01EFAC727C27}.Debug|Any CPU.ActiveCfg = Debug|Any CPU
		{62B16EEC-9AD2-4253-AA4C-01EFAC727C27}.Debug|Any CPU.Build.0 = Debug|Any CPU
		{62B16EEC-9AD2-4253-AA4C-01EFAC727C27}.Debug|x64.ActiveCfg = Debug|Any CPU
		{62B16EEC-9AD2-4253-AA4C-01EFAC727C27}.Debug|x64.Build.0 = Debug|Any CPU
		{62B16EEC-9AD2-4253-AA4C-01EFAC727C27}.Release|Any CPU.ActiveCfg = Release|Any CPU
		{62B16EEC-9AD2-4253-AA4C-01EFAC727C27}.Release|Any CPU.Build.0 = Release|Any CPU
		{62B16EEC-9AD2-4253-AA4C-01EFAC727C27}.Release|x64.ActiveCfg = Release|Any CPU
		{62B16EEC-9AD2-4253-AA4C-01EFAC727C27}.Release|x64.Build.0 = Release|Any CPU
		{D634C308-D540-4C53-9149-83A1CE44E248}.Debug|Any CPU.ActiveCfg = Debug|Any CPU
		{D634C308-D540-4C53-9149-83A1CE44E248}.Debug|Any CPU.Build.0 = Debug|Any CPU
		{D634C308-D540-4C53-9149-83A1CE44E248}.Debug|x64.ActiveCfg = Debug|Any CPU
		{D634C308-D540-4C53-9149-83A1CE44E248}.Debug|x64.Build.0 = Debug|Any CPU
		{D634C308-D540-4C53-9149-83A1CE44E248}.Release|Any CPU.ActiveCfg = Release|Any CPU
		{D634C308-D540-4C53-9149-83A1CE44E248}.Release|Any CPU.Build.0 = Release|Any CPU
		{D634C308-D540-4C53-9149-83A1CE44E248}.Release|x64.ActiveCfg = Release|Any CPU
		{D634C308-D540-4C53-9149-83A1CE44E248}.Release|x64.Build.0 = Release|Any CPU
	EndGlobalSection
	GlobalSection(SolutionProperties) = preSolution
		HideSolutionNode = FALSE
	EndGlobalSection
	GlobalSection(ExtensibilityGlobals) = postSolution
		SolutionGuid = {FE3B5718-F645-41CC-A772-2AC36D008EF6}
	EndGlobalSection
EndGlobal
